// !$*UTF8*$!
{
	archiveVersion = 1;
	classes = {
	};
	objectVersion = 50;
	objects = {

/* Begin PBXFileReference section */
		ED1828AE21B9A0CC0097A9E7 /* computer.py */ = {isa = PBXFileReference; fileEncoding = 4; lastKnownFileType = text.script.python; path = computer.py; sourceTree = "<group>"; };
		ED1828AF21B9A0CC0097A9E7 /* game.py */ = {isa = PBXFileReference; fileEncoding = 4; lastKnownFileType = text.script.python; path = game.py; sourceTree = "<group>"; };
		ED1828B021B9A0CC0097A9E7 /* human.py */ = {isa = PBXFileReference; fileEncoding = 4; lastKnownFileType = text.script.python; path = human.py; sourceTree = "<group>"; };
		ED1828B121B9A0CC0097A9E7 /* main.py */ = {isa = PBXFileReference; fileEncoding = 4; lastKnownFileType = text.script.python; path = main.py; sourceTree = "<group>"; };
		ED1828B221B9A0CC0097A9E7 /* player.py */ = {isa = PBXFileReference; fileEncoding = 4; lastKnownFileType = text.script.python; path = player.py; sourceTree = "<group>"; };
		ED4C58CC21CBE7F600754B5A /* LabExam2.py */ = {isa = PBXFileReference; lastKnownFileType = text.script.python; path = LabExam2.py; sourceTree = "<group>"; };
		EDC5A2FC21A6FDC7008B779E /* LabSession3.py */ = {isa = PBXFileReference; lastKnownFileType = text.script.python; path = LabSession3.py; sourceTree = "<group>"; };
		EDC5A2FD21A72504008B779E /* LabSession4.py */ = {isa = PBXFileReference; lastKnownFileType = text.script.python; path = LabSession4.py; sourceTree = "<group>"; xcLanguageSpecificationIdentifier = xcode.lang.python; };
		EDC5A2FE21A7363C008B779E /* WebHack.py */ = {isa = PBXFileReference; lastKnownFileType = text.script.python; path = WebHack.py; sourceTree = "<group>"; };
		EDDF2C44216F952600D5699C /* LabSession1.py */ = {isa = PBXFileReference; fileEncoding = 4; lastKnownFileType = text.script.python; path = LabSession1.py; sourceTree = "<group>"; };
		EDDF2C45216FB04F00D5699C /* LabSession2.py */ = {isa = PBXFileReference; lastKnownFileType = text.script.python; path = LabSession2.py; sourceTree = "<group>"; };
		EDE9560C2330CE380049C6CA /* td1.alg */ = {isa = PBXFileReference; lastKnownFileType = text; path = td1.alg; sourceTree = "<group>"; };
/* End PBXFileReference section */

/* Begin PBXGroup section */
		EDDF2C38216F93C700D5699C = {
			isa = PBXGroup;
			children = (
				EDE9560B2330CE130049C6CA /* L1-2019_2020 */,
				EDE9560A2330CDE80049C6CA /* L1-2018_2019 */,
			);
			sourceTree = "<group>";
		};
		EDE9560A2330CDE80049C6CA /* L1-2018_2019 */ = {
			isa = PBXGroup;
			children = (
				ED4C58CC21CBE7F600754B5A /* LabExam2.py */,
				EDDF2C44216F952600D5699C /* LabSession1.py */,
				EDDF2C45216FB04F00D5699C /* LabSession2.py */,
				EDC5A2FC21A6FDC7008B779E /* LabSession3.py */,
				EDC5A2FD21A72504008B779E /* LabSession4.py */,
				ED1828AE21B9A0CC0097A9E7 /* computer.py */,
				ED1828AF21B9A0CC0097A9E7 /* game.py */,
				ED1828B021B9A0CC0097A9E7 /* human.py */,
				ED1828B121B9A0CC0097A9E7 /* main.py */,
				ED1828B221B9A0CC0097A9E7 /* player.py */,
				EDC5A2FE21A7363C008B779E /* WebHack.py */,
			);
			path = "L1-2018_2019";
			sourceTree = "<group>";
		};
		EDE9560B2330CE130049C6CA /* L1-2019_2020 */ = {
			isa = PBXGroup;
			children = (
				EDE9560C2330CE380049C6CA /* td1.alg */,
			);
			path = "L1-2019_2020";
			sourceTree = "<group>";
		};
/* End PBXGroup section */

/* Begin PBXLegacyTarget section */
		EDDF2C3D216F93C700D5699C /* LabSession1 */ = {
			isa = PBXLegacyTarget;
			buildArgumentsString = "$(ACTION)";
			buildConfigurationList = EDDF2C40216F93C700D5699C /* Build configuration list for PBXLegacyTarget "LabSession1" */;
			buildPhases = (
			);
			buildToolPath = /usr/local/bin/python3;
			dependencies = (
			);
			name = LabSession1;
			passBuildSettingsInEnvironment = 1;
			productName = LabSession1;
		};
/* End PBXLegacyTarget section */

/* Begin PBXProject section */
		EDDF2C39216F93C700D5699C /* Project object */ = {
			isa = PBXProject;
			attributes = {
				LastUpgradeCheck = 1010;
				ORGANIZATIONNAME = "Groupe MINASTE";
				TargetAttributes = {
					EDDF2C3D216F93C700D5699C = {
						CreatedOnToolsVersion = 10.1;
					};
				};
			};
			buildConfigurationList = EDDF2C3C216F93C700D5699C /* Build configuration list for PBXProject "LabSession1" */;
			compatibilityVersion = "Xcode 9.3";
			developmentRegion = en;
			hasScannedForEncodings = 0;
			knownRegions = (
				en,
				Base,
			);
			mainGroup = EDDF2C38216F93C700D5699C;
			projectDirPath = "";
			projectRoot = "";
			targets = (
				EDDF2C3D216F93C700D5699C /* LabSession1 */,
			);
		};
/* End PBXProject section */

/* Begin XCBuildConfiguration section */
		EDDF2C3E216F93C700D5699C /* Debug */ = {
			isa = XCBuildConfiguration;
			buildSettings = {
				ALWAYS_SEARCH_USER_PATHS = NO;
				CLANG_ANALYZER_NONNULL = YES;
				CLANG_ANALYZER_NUMBER_OBJECT_CONVERSION = YES_AGGRESSIVE;
				CLANG_CXX_LANGUAGE_STANDARD = "gnu++14";
				CLANG_CXX_LIBRARY = "libc++";
				CLANG_ENABLE_MODULES = YES;
				CLANG_ENABLE_OBJC_ARC = YES;
				CLANG_ENABLE_OBJC_WEAK = YES;
				CLANG_WARN_BLOCK_CAPTURE_AUTORELEASING = YES;
				CLANG_WARN_BOOL_CONVERSION = YES;
				CLANG_WARN_COMMA = YES;
				CLANG_WARN_CONSTANT_CONVERSION = YES;
				CLANG_WARN_DEPRECATED_OBJC_IMPLEMENTATIONS = YES;
				CLANG_WARN_DIRECT_OBJC_ISA_USAGE = YES_ERROR;
				CLANG_WARN_DOCUMENTATION_COMMENTS = YES;
				CLANG_WARN_EMPTY_BODY = YES;
				CLANG_WARN_ENUM_CONVERSION = YES;
				CLANG_WARN_INFINITE_RECURSION = YES;
				CLANG_WARN_INT_CONVERSION = YES;
				CLANG_WARN_NON_LITERAL_NULL_CONVERSION = YES;
				CLANG_WARN_OBJC_IMPLICIT_RETAIN_SELF = YES;
				CLANG_WARN_OBJC_LITERAL_CONVERSION = YES;
				CLANG_WARN_OBJC_ROOT_CLASS = YES_ERROR;
				CLANG_WARN_RANGE_LOOP_ANALYSIS = YES;
				CLANG_WARN_STRICT_PROTOTYPES = YES;
				CLANG_WARN_SUSPICIOUS_MOVE = YES;
				CLANG_WARN_UNGUARDED_AVAILABILITY = YES_AGGRESSIVE;
				CLANG_WARN_UNREACHABLE_CODE = YES;
				CLANG_WARN__DUPLICATE_METHOD_MATCH = YES;
				COPY_PHASE_STRIP = NO;
				DEBUG_INFORMATION_FORMAT = dwarf;
				ENABLE_STRICT_OBJC_MSGSEND = YES;
				ENABLE_TESTABILITY = YES;
				GCC_C_LANGUAGE_STANDARD = gnu11;
				GCC_DYNAMIC_NO_PIC = NO;
				GCC_NO_COMMON_BLOCKS = YES;
				GCC_OPTIMIZATION_LEVEL = 0;
				GCC_PREPROCESSOR_DEFINITIONS = (
					"DEBUG=1",
					"$(inherited)",
				);
				GCC_WARN_64_TO_32_BIT_CONVERSION = YES;
				GCC_WARN_ABOUT_RETURN_TYPE = YES_ERROR;
				GCC_WARN_UNDECLARED_SELECTOR = YES;
				GCC_WARN_UNINITIALIZED_AUTOS = YES_AGGRESSIVE;
				GCC_WARN_UNUSED_FUNCTION = YES;
				GCC_WARN_UNUSED_VARIABLE = YES;
				MTL_ENABLE_DEBUG_INFO = INCLUDE_SOURCE;
				MTL_FAST_MATH = YES;
				ONLY_ACTIVE_ARCH = YES;
			};
			name = Debug;
		};
		EDDF2C3F216F93C700D5699C /* Release */ = {
			isa = XCBuildConfiguration;
			buildSettings = {
				ALWAYS_SEARCH_USER_PATHS = NO;
				CLANG_ANALYZER_NONNULL = YES;
				CLANG_ANALYZER_NUMBER_OBJECT_CONVERSION = YES_AGGRESSIVE;
				CLANG_CXX_LANGUAGE_STANDARD = "gnu++14";
				CLANG_CXX_LIBRARY = "libc++";
				CLANG_ENABLE_MODULES = YES;
				CLANG_ENABLE_OBJC_ARC = YES;
				CLANG_ENABLE_OBJC_WEAK = YES;
				CLANG_WARN_BLOCK_CAPTURE_AUTORELEASING = YES;
				CLANG_WARN_BOOL_CONVERSION = YES;
				CLANG_WARN_COMMA = YES;
				CLANG_WARN_CONSTANT_CONVERSION = YES;
				CLANG_WARN_DEPRECATED_OBJC_IMPLEMENTATIONS = YES;
				CLANG_WARN_DIRECT_OBJC_ISA_USAGE = YES_ERROR;
				CLANG_WARN_DOCUMENTATION_COMMENTS = YES;
				CLANG_WARN_EMPTY_BODY = YES;
				CLANG_WARN_ENUM_CONVERSION = YES;
				CLANG_WARN_INFINITE_RECURSION = YES;
				CLANG_WARN_INT_CONVERSION = YES;
				CLANG_WARN_NON_LITERAL_NULL_CONVERSION = YES;
				CLANG_WARN_OBJC_IMPLICIT_RETAIN_SELF = YES;
				CLANG_WARN_OBJC_LITERAL_CONVERSION = YES;
				CLANG_WARN_OBJC_ROOT_CLASS = YES_ERROR;
				CLANG_WARN_RANGE_LOOP_ANALYSIS = YES;
				CLANG_WARN_STRICT_PROTOTYPES = YES;
				CLANG_WARN_SUSPICIOUS_MOVE = YES;
				CLANG_WARN_UNGUARDED_AVAILABILITY = YES_AGGRESSIVE;
				CLANG_WARN_UNREACHABLE_CODE = YES;
				CLANG_WARN__DUPLICATE_METHOD_MATCH = YES;
				COPY_PHASE_STRIP = NO;
				DEBUG_INFORMATION_FORMAT = "dwarf-with-dsym";
				ENABLE_NS_ASSERTIONS = NO;
				ENABLE_STRICT_OBJC_MSGSEND = YES;
				GCC_C_LANGUAGE_STANDARD = gnu11;
				GCC_NO_COMMON_BLOCKS = YES;
				GCC_WARN_64_TO_32_BIT_CONVERSION = YES;
				GCC_WARN_ABOUT_RETURN_TYPE = YES_ERROR;
				GCC_WARN_UNDECLARED_SELECTOR = YES;
				GCC_WARN_UNINITIALIZED_AUTOS = YES_AGGRESSIVE;
				GCC_WARN_UNUSED_FUNCTION = YES;
				GCC_WARN_UNUSED_VARIABLE = YES;
				MTL_ENABLE_DEBUG_INFO = NO;
				MTL_FAST_MATH = YES;
			};
			name = Release;
		};
		EDDF2C41216F93C700D5699C /* Debug */ = {
			isa = XCBuildConfiguration;
			buildSettings = {
				CODE_SIGN_STYLE = Automatic;
				DEBUGGING_SYMBOLS = YES;
				DEBUG_INFORMATION_FORMAT = dwarf;
				DEVELOPMENT_TEAM = Y8UVVEJ938;
				GCC_GENERATE_DEBUGGING_SYMBOLS = YES;
				GCC_OPTIMIZATION_LEVEL = 0;
				OTHER_CFLAGS = "";
				OTHER_LDFLAGS = "";
				PRODUCT_NAME = "$(TARGET_NAME)";
			};
			name = Debug;
		};
		EDDF2C42216F93C700D5699C /* Release */ = {
			isa = XCBuildConfiguration;
			buildSettings = {
				CODE_SIGN_STYLE = Automatic;
				DEBUG_INFORMATION_FORMAT = "dwarf-with-dsym";
				DEVELOPMENT_TEAM = Y8UVVEJ938;
				OTHER_CFLAGS = "";
				OTHER_LDFLAGS = "";
				PRODUCT_NAME = "$(TARGET_NAME)";
			};
			name = Release;
		};
/* End XCBuildConfiguration section */

/* Begin XCConfigurationList section */
		EDDF2C3C216F93C700D5699C /* Build configuration list for PBXProject "LabSession1" */ = {
			isa = XCConfigurationList;
			buildConfigurations = (
				EDDF2C3E216F93C700D5699C /* Debug */,
				EDDF2C3F216F93C700D5699C /* Release */,
			);
			defaultConfigurationIsVisible = 0;
			defaultConfigurationName = Release;
		};
		EDDF2C40216F93C700D5699C /* Build configuration list for PBXLegacyTarget "LabSession1" */ = {
			isa = XCConfigurationList;
			buildConfigurations = (
				EDDF2C41216F93C700D5699C /* Debug */,
				EDDF2C42216F93C700D5699C /* Release */,
			);
			defaultConfigurationIsVisible = 0;
			defaultConfigurationName = Release;
		};
/* End XCConfigurationList section */
	};
	rootObject = EDDF2C39216F93C700D5699C /* Project object */;
}
